lockfileVersion: '9.0'

settings:
  autoInstallPeers: true
  excludeLinksFromLockfile: false

importers:

  .:
    dependencies:
      antlr4ts:
        specifier: 0.5.0-alpha.4
        version: 0.5.0-alpha.4
    devDependencies:
      '@types/vscode':
        specifier: ^1.100.0
        version: 1.102.0
      typescript:
        specifier: ^5.0.0
        version: 5.8.3

packages:

  '@types/vscode@1.102.0':
    resolution: {integrity: sha512-V9sFXmcXz03FtYTSUsYsu5K0Q9wH9w9V25slddcxrh5JgORD14LpnOA7ov0L9ALi+6HrTjskLJ/tY5zeRF3TFA==}

  antlr4ts@0.5.0-alpha.4:
    resolution: {integrity: sha512-WPQDt1B74OfPv/IMS2ekXAKkTZIHl88uMetg6q3OTqgFxZ/dxDXI0EWLyZid/1Pe6hTftyg5N7gel5wNAGxXyQ==}

  typescript@5.8.3:
    resolution: {integrity: sha512-p1diW6TqL9L07nNxvRMM7hMMw4c5XOo/1ibL4aAIGmSAt9slTE1Xgw5KWuof2uTOvCg9BY7ZRi+GaF+7sfgPeQ==}
    engines: {node: '>=14.17'}
    hasBin: true

snapshots:

  '@types/vscode@1.102.0': {}

  antlr4ts@0.5.0-alpha.4: {}

  typescript@5.8.3: {}
